// !$*UTF8*$!
{
	archiveVersion = 1;
	classes = {
	};
	objectVersion = 46;
	objects = {

/* Begin PBXBuildFile section */
		22781DAB1860E7E6002C393D /* Foundation.framework in Frameworks */ = {isa = PBXBuildFile; fileRef = 22781DAA1860E7E6002C393D /* Foundation.framework */; };
		22781DAD1860E7E6002C393D /* CoreGraphics.framework in Frameworks */ = {isa = PBXBuildFile; fileRef = 22781DAC1860E7E6002C393D /* CoreGraphics.framework */; };
		22781DAF1860E7E6002C393D /* UIKit.framework in Frameworks */ = {isa = PBXBuildFile; fileRef = 22781DAE1860E7E6002C393D /* UIKit.framework */; };
		22781DB51860E7E6002C393D /* InfoPlist.strings in Resources */ = {isa = PBXBuildFile; fileRef = 22781DB31860E7E6002C393D /* InfoPlist.strings */; };
		22781DB71860E7E7002C393D /* main.m in Sources */ = {isa = PBXBuildFile; fileRef = 22781DB61860E7E7002C393D /* main.m */; };
		22781DBB1860E7E7002C393D /* MyAppDelegate.m in Sources */ = {isa = PBXBuildFile; fileRef = 22781DBA1860E7E7002C393D /* MyAppDelegate.m */; };
		22781DBE1860E7E7002C393D /* Main.storyboard in Resources */ = {isa = PBXBuildFile; fileRef = 22781DBC1860E7E7002C393D /* Main.storyboard */; };
		22781DC11860E7E7002C393D /* MyRecipeViewController.m in Sources */ = {isa = PBXBuildFile; fileRef = 22781DC01860E7E7002C393D /* MyRecipeViewController.m */; };
		22781DC31860E7E7002C393D /* Images.xcassets in Resources */ = {isa = PBXBuildFile; fileRef = 22781DC21860E7E7002C393D /* Images.xcassets */; };
		22781DCA1860E7E7002C393D /* XCTest.framework in Frameworks */ = {isa = PBXBuildFile; fileRef = 22781DC91860E7E7002C393D /* XCTest.framework */; };
		22781DCB1860E7E7002C393D /* Foundation.framework in Frameworks */ = {isa = PBXBuildFile; fileRef = 22781DAA1860E7E6002C393D /* Foundation.framework */; };
		22781DCC1860E7E7002C393D /* UIKit.framework in Frameworks */ = {isa = PBXBuildFile; fileRef = 22781DAE1860E7E6002C393D /* UIKit.framework */; };
		22781DE118615EA6002C393D /* MyRecipeDetailViewController.m in Sources */ = {isa = PBXBuildFile; fileRef = 22781DE018615EA6002C393D /* MyRecipeDetailViewController.m */; };
/* End PBXBuildFile section */

/* Begin PBXContainerItemProxy section */
		22781DCD1860E7E7002C393D /* PBXContainerItemProxy */ = {
			isa = PBXContainerItemProxy;
			containerPortal = 22781D9F1860E7E6002C393D /* Project object */;
			proxyType = 1;
			remoteGlobalIDString = 22781DA61860E7E6002C393D;
			remoteInfo = "Hello World";
		};
/* End PBXContainerItemProxy section */

/* Begin PBXFileReference section */
		22781DA71860E7E6002C393D /* Table Detail Nav.app */ = {isa = PBXFileReference; explicitFileType = wrapper.application; includeInIndex = 0; path = "Table Detail Nav.app"; sourceTree = BUILT_PRODUCTS_DIR; };
		22781DAA1860E7E6002C393D /* Foundation.framework */ = {isa = PBXFileReference; lastKnownFileType = wrapper.framework; name = Foundation.framework; path = System/Library/Frameworks/Foundation.framework; sourceTree = SDKROOT; };
		22781DAC1860E7E6002C393D /* CoreGraphics.framework */ = {isa = PBXFileReference; lastKnownFileType = wrapper.framework; name = CoreGraphics.framework; path = System/Library/Frameworks/CoreGraphics.framework; sourceTree = SDKROOT; };
		22781DAE1860E7E6002C393D /* UIKit.framework */ = {isa = PBXFileReference; lastKnownFileType = wrapper.framework; name = UIKit.framework; path = System/Library/Frameworks/UIKit.framework; sourceTree = SDKROOT; };
		22781DB21860E7E6002C393D /* Table Detail Nav-Info.plist */ = {isa = PBXFileReference; lastKnownFileType = text.plist.xml; path = "Table Detail Nav-Info.plist"; sourceTree = "<group>"; };
		22781DB41860E7E6002C393D /* en */ = {isa = PBXFileReference; lastKnownFileType = text.plist.strings; name = en; path = en.lproj/InfoPlist.strings; sourceTree = "<group>"; };
		22781DB61860E7E7002C393D /* main.m */ = {isa = PBXFileReference; lastKnownFileType = sourcecode.c.objc; path = main.m; sourceTree = "<group>"; };
		22781DB81860E7E7002C393D /* Table Detail Nav-Prefix.pch */ = {isa = PBXFileReference; lastKnownFileType = sourcecode.c.h; path = "Table Detail Nav-Prefix.pch"; sourceTree = "<group>"; };
		22781DB91860E7E7002C393D /* MyAppDelegate.h */ = {isa = PBXFileReference; lastKnownFileType = sourcecode.c.h; path = MyAppDelegate.h; sourceTree = "<group>"; };
		22781DBA1860E7E7002C393D /* MyAppDelegate.m */ = {isa = PBXFileReference; lastKnownFileType = sourcecode.c.objc; path = MyAppDelegate.m; sourceTree = "<group>"; };
		22781DBD1860E7E7002C393D /* Base */ = {isa = PBXFileReference; lastKnownFileType = file.storyboard; name = Base; path = Base.lproj/Main.storyboard; sourceTree = "<group>"; };
		22781DBF1860E7E7002C393D /* MyRecipeViewController.h */ = {isa = PBXFileReference; lastKnownFileType = sourcecode.c.h; path = MyRecipeViewController.h; sourceTree = "<group>"; };
		22781DC01860E7E7002C393D /* MyRecipeViewController.m */ = {isa = PBXFileReference; lastKnownFileType = sourcecode.c.objc; path = MyRecipeViewController.m; sourceTree = "<group>"; };
		22781DC21860E7E7002C393D /* Images.xcassets */ = {isa = PBXFileReference; lastKnownFileType = folder.assetcatalog; path = Images.xcassets; sourceTree = "<group>"; };
		22781DC81860E7E7002C393D /* Table Detail NavTests.xctest */ = {isa = PBXFileReference; explicitFileType = wrapper.cfbundle; includeInIndex = 0; path = "Table Detail NavTests.xctest"; sourceTree = BUILT_PRODUCTS_DIR; };
		22781DC91860E7E7002C393D /* XCTest.framework */ = {isa = PBXFileReference; lastKnownFileType = wrapper.framework; name = XCTest.framework; path = Library/Frameworks/XCTest.framework; sourceTree = DEVELOPER_DIR; };
		22781DDF18615EA6002C393D /* MyRecipeDetailViewController.h */ = {isa = PBXFileReference; fileEncoding = 4; lastKnownFileType = sourcecode.c.h; path = MyRecipeDetailViewController.h; sourceTree = "<group>"; };
		22781DE018615EA6002C393D /* MyRecipeDetailViewController.m */ = {isa = PBXFileReference; fileEncoding = 4; lastKnownFileType = sourcecode.c.objc; path = MyRecipeDetailViewController.m; sourceTree = "<group>"; };
/* End PBXFileReference section */

/* Begin PBXFrameworksBuildPhase section */
		22781DA41860E7E6002C393D /* Frameworks */ = {
			isa = PBXFrameworksBuildPhase;
			buildActionMask = 2147483647;
			files = (
				22781DAD1860E7E6002C393D /* CoreGraphics.framework in Frameworks */,
				22781DAF1860E7E6002C393D /* UIKit.framework in Frameworks */,
				22781DAB1860E7E6002C393D /* Foundation.framework in Frameworks */,
			);
			runOnlyForDeploymentPostprocessing = 0;
		};
		22781DC51860E7E7002C393D /* Frameworks */ = {
			isa = PBXFrameworksBuildPhase;
			buildActionMask = 2147483647;
			files = (
				22781DCA1860E7E7002C393D /* XCTest.framework in Frameworks */,
				22781DCC1860E7E7002C393D /* UIKit.framework in Frameworks */,
				22781DCB1860E7E7002C393D /* Foundation.framework in Frameworks */,
			);
			runOnlyForDeploymentPostprocessing = 0;
		};
/* End PBXFrameworksBuildPhase section */

/* Begin PBXGroup section */
		22781D9E1860E7E6002C393D = {
			isa = PBXGroup;
			children = (
				22781DB01860E7E6002C393D /* Table Detail Nav */,
				22781DA91860E7E6002C393D /* Frameworks */,
				22781DA81860E7E6002C393D /* Products */,
			);
			sourceTree = "<group>";
		};
		22781DA81860E7E6002C393D /* Products */ = {
			isa = PBXGroup;
			children = (
				22781DA71860E7E6002C393D /* Table Detail Nav.app */,
				22781DC81860E7E7002C393D /* Table Detail NavTests.xctest */,
			);
			name = Products;
			sourceTree = "<group>";
		};
		22781DA91860E7E6002C393D /* Frameworks */ = {
			isa = PBXGroup;
			children = (
				22781DAA1860E7E6002C393D /* Foundation.framework */,
				22781DAC1860E7E6002C393D /* CoreGraphics.framework */,
				22781DAE1860E7E6002C393D /* UIKit.framework */,
				22781DC91860E7E7002C393D /* XCTest.framework */,
			);
			name = Frameworks;
			sourceTree = "<group>";
		};
		22781DB01860E7E6002C393D /* Table Detail Nav */ = {
			isa = PBXGroup;
			children = (
				22781DB91860E7E7002C393D /* MyAppDelegate.h */,
				22781DBA1860E7E7002C393D /* MyAppDelegate.m */,
				22781DBC1860E7E7002C393D /* Main.storyboard */,
				22781DBF1860E7E7002C393D /* MyRecipeViewController.h */,
				22781DC01860E7E7002C393D /* MyRecipeViewController.m */,
				22781DC21860E7E7002C393D /* Images.xcassets */,
				22781DB11860E7E6002C393D /* Supporting Files */,
				22781DDF18615EA6002C393D /* MyRecipeDetailViewController.h */,
				22781DE018615EA6002C393D /* MyRecipeDetailViewController.m */,
			);
			name = "Table Detail Nav";
			path = "Hello World";
			sourceTree = "<group>";
		};
		22781DB11860E7E6002C393D /* Supporting Files */ = {
			isa = PBXGroup;
			children = (
				22781DB21860E7E6002C393D /* Table Detail Nav-Info.plist */,
				22781DB31860E7E6002C393D /* InfoPlist.strings */,
				22781DB61860E7E7002C393D /* main.m */,
				22781DB81860E7E7002C393D /* Table Detail Nav-Prefix.pch */,
			);
			name = "Supporting Files";
			sourceTree = "<group>";
		};
/* End PBXGroup section */

/* Begin PBXNativeTarget section */
		22781DA61860E7E6002C393D /* Table Detail Nav */ = {
			isa = PBXNativeTarget;
			buildConfigurationList = 22781DD91860E7E7002C393D /* Build configuration list for PBXNativeTarget "Table Detail Nav" */;
			buildPhases = (
				22781DA31860E7E6002C393D /* Sources */,
				22781DA41860E7E6002C393D /* Frameworks */,
				22781DA51860E7E6002C393D /* Resources */,
			);
			buildRules = (
			);
			dependencies = (
			);
			name = "Table Detail Nav";
			productName = "Hello World";
			productReference = 22781DA71860E7E6002C393D /* Table Detail Nav.app */;
			productType = "com.apple.product-type.application";
		};
		22781DC71860E7E7002C393D /* Table Detail NavTests */ = {
			isa = PBXNativeTarget;
			buildConfigurationList = 22781DDC1860E7E7002C393D /* Build configuration list for PBXNativeTarget "Table Detail NavTests" */;
			buildPhases = (
				22781DC41860E7E7002C393D /* Sources */,
				22781DC51860E7E7002C393D /* Frameworks */,
				22781DC61860E7E7002C393D /* Resources */,
			);
			buildRules = (
			);
			dependencies = (
				22781DCE1860E7E7002C393D /* PBXTargetDependency */,
			);
			name = "Table Detail NavTests";
			productName = "Hello WorldTests";
			productReference = 22781DC81860E7E7002C393D /* Table Detail NavTests.xctest */;
			productType = "com.apple.product-type.bundle.unit-test";
		};
/* End PBXNativeTarget section */

/* Begin PBXProject section */
		22781D9F1860E7E6002C393D /* Project object */ = {
			isa = PBXProject;
			attributes = {
				CLASSPREFIX = My;
				LastUpgradeCheck = 0500;
				ORGANIZATIONNAME = "mang labs";
				TargetAttributes = {
					22781DC71860E7E7002C393D = {
						TestTargetID = 22781DA61860E7E6002C393D;
					};
				};
			};
			buildConfigurationList = 22781DA21860E7E6002C393D /* Build configuration list for PBXProject "Table Detail Nav" */;
			compatibilityVersion = "Xcode 3.2";
			developmentRegion = English;
			hasScannedForEncodings = 0;
			knownRegions = (
				en,
				Base,
			);
			mainGroup = 22781D9E1860E7E6002C393D;
			productRefGroup = 22781DA81860E7E6002C393D /* Products */;
			projectDirPath = "";
			projectRoot = "";
			targets = (
				22781DA61860E7E6002C393D /* Table Detail Nav */,
				22781DC71860E7E7002C393D /* Table Detail NavTests */,
			);
		};
/* End PBXProject section */

/* Begin PBXResourcesBuildPhase section */
		22781DA51860E7E6002C393D /* Resources */ = {
			isa = PBXResourcesBuildPhase;
			buildActionMask = 2147483647;
			files = (
				22781DC31860E7E7002C393D /* Images.xcassets in Resources */,
				22781DB51860E7E6002C393D /* InfoPlist.strings in Resources */,
				22781DBE1860E7E7002C393D /* Main.storyboard in Resources */,
			);
			runOnlyForDeploymentPostprocessing = 0;
		};
		22781DC61860E7E7002C393D /* Resources */ = {
			isa = PBXResourcesBuildPhase;
			buildActionMask = 2147483647;
			files = (
			);
			runOnlyForDeploymentPostprocessing = 0;
		};
/* End PBXResourcesBuildPhase section */

/* Begin PBXSourcesBuildPhase section */
		22781DA31860E7E6002C393D /* Sources */ = {
			isa = PBXSourcesBuildPhase;
			buildActionMask = 2147483647;
			files = (
				22781DC11860E7E7002C393D /* MyRecipeViewController.m in Sources */,
				22781DE118615EA6002C393D /* MyRecipeDetailViewController.m in Sources */,
				22781DBB1860E7E7002C393D /* MyAppDelegate.m in Sources */,
				22781DB71860E7E7002C393D /* main.m in Sources */,
			);
			runOnlyForDeploymentPostprocessing = 0;
		};
		22781DC41860E7E7002C393D /* Sources */ = {
			isa = PBXSourcesBuildPhase;
			buildActionMask = 2147483647;
			files = (
			);
			runOnlyForDeploymentPostprocessing = 0;
		};
/* End PBXSourcesBuildPhase section */

/* Begin PBXTargetDependency section */
		22781DCE1860E7E7002C393D /* PBXTargetDependency */ = {
			isa = PBXTargetDependency;
			target = 22781DA61860E7E6002C393D /* Table Detail Nav */;
			targetProxy = 22781DCD1860E7E7002C393D /* PBXContainerItemProxy */;
		};
/* End PBXTargetDependency section */

/* Begin PBXVariantGroup section */
		22781DB31860E7E6002C393D /* InfoPlist.strings */ = {
			isa = PBXVariantGroup;
			children = (
				22781DB41860E7E6002C393D /* en */,
			);
			name = InfoPlist.strings;
			sourceTree = "<group>";
		};
		22781DBC1860E7E7002C393D /* Main.storyboard */ = {
			isa = PBXVariantGroup;
			children = (
				22781DBD1860E7E7002C393D /* Base */,
			);
			name = Main.storyboard;
			sourceTree = "<group>";
		};
/* End PBXVariantGroup section */

/* Begin XCBuildConfiguration section */
		22781DD71860E7E7002C393D /* Debug */ = {
			isa = XCBuildConfiguration;
			buildSettings = {
				ALWAYS_SEARCH_USER_PATHS = NO;
				ARCHS = "$(ARCHS_STANDARD_INCLUDING_64_BIT)";
				CLANG_CXX_LANGUAGE_STANDARD = "gnu++0x";
				CLANG_CXX_LIBRARY = "libc++";
				CLANG_ENABLE_MODULES = YES;
				CLANG_ENABLE_OBJC_ARC = YES;
				CLANG_WARN_BOOL_CONVERSION = YES;
				CLANG_WARN_CONSTANT_CONVERSION = YES;
				CLANG_WARN_DIRECT_OBJC_ISA_USAGE = YES_ERROR;
				CLANG_WARN_EMPTY_BODY = YES;
				CLANG_WARN_ENUM_CONVERSION = YES;
				CLANG_WARN_INT_CONVERSION = YES;
				CLANG_WARN_OBJC_ROOT_CLASS = YES_ERROR;
				CLANG_WARN__DUPLICATE_METHOD_MATCH = YES;
				"CODE_SIGN_IDENTITY[sdk=iphoneos*]" = "iPhone Developer";
				COPY_PHASE_STRIP = NO;
				GCC_C_LANGUAGE_STANDARD = gnu99;
				GCC_DYNAMIC_NO_PIC = NO;
				GCC_OPTIMIZATION_LEVEL = 0;
				GCC_PREPROCESSOR_DEFINITIONS = (
					"DEBUG=1",
					"$(inherited)",
				);
				GCC_SYMBOLS_PRIVATE_EXTERN = NO;
				GCC_WARN_64_TO_32_BIT_CONVERSION = YES;
				GCC_WARN_ABOUT_RETURN_TYPE = YES_ERROR;
				GCC_WARN_UNDECLARED_SELECTOR = YES;
				GCC_WARN_UNINITIALIZED_AUTOS = YES;
				GCC_WARN_UNUSED_FUNCTION = YES;
				GCC_WARN_UNUSED_VARIABLE = YES;
				IPHONEOS_DEPLOYMENT_TARGET = 7.0;
				ONLY_ACTIVE_ARCH = YES;
				SDKROOT = iphoneos;
			};
			name = Debug;
		};
		22781DD81860E7E7002C393D /* Release */ = {
			isa = XCBuildConfiguration;
			buildSettings = {
				ALWAYS_SEARCH_USER_PATHS = NO;
				ARCHS = "$(ARCHS_STANDARD_INCLUDING_64_BIT)";
				CLANG_CXX_LANGUAGE_STANDARD = "gnu++0x";
				CLANG_CXX_LIBRARY = "libc++";
				CLANG_ENABLE_MODULES = YES;
				CLANG_ENABLE_OBJC_ARC = YES;
				CLANG_WARN_BOOL_CONVERSION = YES;
				CLANG_WARN_CONSTANT_CONVERSION = YES;
				CLANG_WARN_DIRECT_OBJC_ISA_USAGE = YES_ERROR;
				CLANG_WARN_EMPTY_BODY = YES;
				CLANG_WARN_ENUM_CONVERSION = YES;
				CLANG_WARN_INT_CONVERSION = YES;
				CLANG_WARN_OBJC_ROOT_CLASS = YES_ERROR;
				CLANG_WARN__DUPLICATE_METHOD_MATCH = YES;
				"CODE_SIGN_IDENTITY[sdk=iphoneos*]" = "iPhone Developer";
				COPY_PHASE_STRIP = YES;
				ENABLE_NS_ASSERTIONS = NO;
				GCC_C_LANGUAGE_STANDARD = gnu99;
				GCC_WARN_64_TO_32_BIT_CONVERSION = YES;
				GCC_WARN_ABOUT_RETURN_TYPE = YES_ERROR;
				GCC_WARN_UNDECLARED_SELECTOR = YES;
				GCC_WARN_UNINITIALIZED_AUTOS = YES;
				GCC_WARN_UNUSED_FUNCTION = YES;
				GCC_WARN_UNUSED_VARIABLE = YES;
				IPHONEOS_DEPLOYMENT_TARGET = 7.0;
				SDKROOT = iphoneos;
				VALIDATE_PRODUCT = YES;
			};
			name = Release;
		};
		22781DDA1860E7E7002C393D /* Debug */ = {
			isa = XCBuildConfiguration;
			buildSettings = {
				ASSETCATALOG_COMPILER_APPICON_NAME = AppIcon;
				ASSETCATALOG_COMPILER_LAUNCHIMAGE_NAME = LaunchImage;
				GCC_PRECOMPILE_PREFIX_HEADER = YES;
				GCC_PREFIX_HEADER = "Hello World/Table Detail Nav-Prefix.pch";
				INFOPLIST_FILE = "Hello World/Table Detail Nav-Info.plist";
				PRODUCT_NAME = "Table Detail Nav";
				WRAPPER_EXTENSION = app;
			};
			name = Debug;
		};
		22781DDB1860E7E7002C393D /* Release */ = {
			isa = XCBuildConfiguration;
			buildSettings = {
				ASSETCATALOG_COMPILER_APPICON_NAME = AppIcon;
				ASSETCATALOG_COMPILER_LAUNCHIMAGE_NAME = LaunchImage;
				GCC_PRECOMPILE_PREFIX_HEADER = YES;
				GCC_PREFIX_HEADER = "Hello World/Table Detail Nav-Prefix.pch";
				INFOPLIST_FILE = "Hello World/Table Detail Nav-Info.plist";
				PRODUCT_NAME = "Table Detail Nav";
				WRAPPER_EXTENSION = app;
			};
			name = Release;
		};
		22781DDD1860E7E7002C393D /* Debug */ = {
			isa = XCBuildConfiguration;
			buildSettings = {
				ARCHS = "$(ARCHS_STANDARD_INCLUDING_64_BIT)";
				BUNDLE_LOADER = "$(BUILT_PRODUCTS_DIR)/Hello World.app/Hello World";
				FRAMEWORK_SEARCH_PATHS = (
					"$(SDKROOT)/Developer/Library/Frameworks",
					"$(inherited)",
					"$(DEVELOPER_FRAMEWORKS_DIR)",
				);
				GCC_PRECOMPILE_PREFIX_HEADER = YES;
				GCC_PREFIX_HEADER = "Hello World/Hello World-Prefix.pch";
				GCC_PREPROCESSOR_DEFINITIONS = (
					"DEBUG=1",
					"$(inherited)",
				);
				INFOPLIST_FILE = "Hello WorldTests/Table Detail NavTests-Info.plist";
				PRODUCT_NAME = "Table Detail NavTests";
				TEST_HOST = "$(BUNDLE_LOADER)";
				WRAPPER_EXTENSION = xctest;
			};
			name = Debug;
		};
		22781DDE1860E7E7002C393D /* Release */ = {
			isa = XCBuildConfiguration;
			buildSettings = {
				ARCHS = "$(ARCHS_STANDARD_INCLUDING_64_BIT)";
				BUNDLE_LOADER = "$(BUILT_PRODUCTS_DIR)/Hello World.app/Hello World";
				FRAMEWORK_SEARCH_PATHS = (
					"$(SDKROOT)/Developer/Library/Frameworks",
					"$(inherited)",
					"$(DEVELOPER_FRAMEWORKS_DIR)",
				);
				GCC_PRECOMPILE_PREFIX_HEADER = YES;
				GCC_PREFIX_HEADER = "Hello World/Hello World-Prefix.pch";
				INFOPLIST_FILE = "Hello WorldTests/Table Detail NavTests-Info.plist";
				PRODUCT_NAME = "Table Detail NavTests";
				TEST_HOST = "$(BUNDLE_LOADER)";
				WRAPPER_EXTENSION = xctest;
			};
			name = Release;
		};
/* End XCBuildConfiguration section */

/* Begin XCConfigurationList section */
		22781DA21860E7E6002C393D /* Build configuration list for PBXProject "Table Detail Nav" */ = {
			isa = XCConfigurationList;
			buildConfigurations = (
				22781DD71860E7E7002C393D /* Debug */,
				22781DD81860E7E7002C393D /* Release */,
			);
			defaultConfigurationIsVisible = 0;
			defaultConfigurationName = Release;
		};
		22781DD91860E7E7002C393D /* Build configuration list for PBXNativeTarget "Table Detail Nav" */ = {
			isa = XCConfigurationList;
			buildConfigurations = (
				22781DDA1860E7E7002C393D /* Debug */,
				22781DDB1860E7E7002C393D /* Release */,
			);
			defaultConfigurationIsVisible = 0;
			defaultConfigurationName = Release;
		};
		22781DDC1860E7E7002C393D /* Build configuration list for PBXNativeTarget "Table Detail NavTests" */ = {
			isa = XCConfigurationList;
			buildConfigurations = (
				22781DDD1860E7E7002C393D /* Debug */,
				22781DDE1860E7E7002C393D /* Release */,
			);
			defaultConfigurationIsVisible = 0;
			defaultConfigurationName = Release;
		};
/* End XCConfigurationList section */
	};
	rootObject = 22781D9F1860E7E6002C393D /* Project object */;
}
