// !$*UTF8*$!
{
	archiveVersion = 1;
	classes = {
	};
	objectVersion = 46;
	objects = {

/* Begin PBXBuildFile section */
		22332525186300E900E28630 /* Foundation.framework in Frameworks */ = {isa = PBXBuildFile; fileRef = 22332524186300E900E28630 /* Foundation.framework */; };
		22332527186300E900E28630 /* CoreGraphics.framework in Frameworks */ = {isa = PBXBuildFile; fileRef = 22332526186300E900E28630 /* CoreGraphics.framework */; };
		22332529186300E900E28630 /* UIKit.framework in Frameworks */ = {isa = PBXBuildFile; fileRef = 22332528186300E900E28630 /* UIKit.framework */; };
		2233252F186300E900E28630 /* InfoPlist.strings in Resources */ = {isa = PBXBuildFile; fileRef = 2233252D186300E900E28630 /* InfoPlist.strings */; };
		22332531186300E900E28630 /* main.m in Sources */ = {isa = PBXBuildFile; fileRef = 22332530186300E900E28630 /* main.m */; };
		22332535186300E900E28630 /* MyAppDelegate.m in Sources */ = {isa = PBXBuildFile; fileRef = 22332534186300E900E28630 /* MyAppDelegate.m */; };
		22332538186300E900E28630 /* Main.storyboard in Resources */ = {isa = PBXBuildFile; fileRef = 22332536186300E900E28630 /* Main.storyboard */; };
		2233253B186300E900E28630 /* MyViewController.m in Sources */ = {isa = PBXBuildFile; fileRef = 2233253A186300E900E28630 /* MyViewController.m */; };
		2233253D186300E900E28630 /* Images.xcassets in Resources */ = {isa = PBXBuildFile; fileRef = 2233253C186300E900E28630 /* Images.xcassets */; };
		22332544186300EA00E28630 /* XCTest.framework in Frameworks */ = {isa = PBXBuildFile; fileRef = 22332543186300EA00E28630 /* XCTest.framework */; };
		22332545186300EA00E28630 /* Foundation.framework in Frameworks */ = {isa = PBXBuildFile; fileRef = 22332524186300E900E28630 /* Foundation.framework */; };
		22332546186300EA00E28630 /* UIKit.framework in Frameworks */ = {isa = PBXBuildFile; fileRef = 22332528186300E900E28630 /* UIKit.framework */; };
		2233254E186300EA00E28630 /* InfoPlist.strings in Resources */ = {isa = PBXBuildFile; fileRef = 2233254C186300EA00E28630 /* InfoPlist.strings */; };
		22332550186300EA00E28630 /* CustomSegueTests.m in Sources */ = {isa = PBXBuildFile; fileRef = 2233254F186300EA00E28630 /* CustomSegueTests.m */; };
		2233255B186302E100E28630 /* PopSegue.m in Sources */ = {isa = PBXBuildFile; fileRef = 2233255A186302E100E28630 /* PopSegue.m */; };
/* End PBXBuildFile section */

/* Begin PBXContainerItemProxy section */
		22332547186300EA00E28630 /* PBXContainerItemProxy */ = {
			isa = PBXContainerItemProxy;
			containerPortal = 22332519186300E900E28630 /* Project object */;
			proxyType = 1;
			remoteGlobalIDString = 22332520186300E900E28630;
			remoteInfo = CustomSegue;
		};
/* End PBXContainerItemProxy section */

/* Begin PBXFileReference section */
		22332521186300E900E28630 /* CustomSegue.app */ = {isa = PBXFileReference; explicitFileType = wrapper.application; includeInIndex = 0; path = CustomSegue.app; sourceTree = BUILT_PRODUCTS_DIR; };
		22332524186300E900E28630 /* Foundation.framework */ = {isa = PBXFileReference; lastKnownFileType = wrapper.framework; name = Foundation.framework; path = System/Library/Frameworks/Foundation.framework; sourceTree = SDKROOT; };
		22332526186300E900E28630 /* CoreGraphics.framework */ = {isa = PBXFileReference; lastKnownFileType = wrapper.framework; name = CoreGraphics.framework; path = System/Library/Frameworks/CoreGraphics.framework; sourceTree = SDKROOT; };
		22332528186300E900E28630 /* UIKit.framework */ = {isa = PBXFileReference; lastKnownFileType = wrapper.framework; name = UIKit.framework; path = System/Library/Frameworks/UIKit.framework; sourceTree = SDKROOT; };
		2233252C186300E900E28630 /* CustomSegue-Info.plist */ = {isa = PBXFileReference; lastKnownFileType = text.plist.xml; path = "CustomSegue-Info.plist"; sourceTree = "<group>"; };
		2233252E186300E900E28630 /* en */ = {isa = PBXFileReference; lastKnownFileType = text.plist.strings; name = en; path = en.lproj/InfoPlist.strings; sourceTree = "<group>"; };
		22332530186300E900E28630 /* main.m */ = {isa = PBXFileReference; lastKnownFileType = sourcecode.c.objc; path = main.m; sourceTree = "<group>"; };
		22332532186300E900E28630 /* CustomSegue-Prefix.pch */ = {isa = PBXFileReference; lastKnownFileType = sourcecode.c.h; path = "CustomSegue-Prefix.pch"; sourceTree = "<group>"; };
		22332533186300E900E28630 /* MyAppDelegate.h */ = {isa = PBXFileReference; lastKnownFileType = sourcecode.c.h; path = MyAppDelegate.h; sourceTree = "<group>"; };
		22332534186300E900E28630 /* MyAppDelegate.m */ = {isa = PBXFileReference; lastKnownFileType = sourcecode.c.objc; path = MyAppDelegate.m; sourceTree = "<group>"; };
		22332537186300E900E28630 /* Base */ = {isa = PBXFileReference; lastKnownFileType = file.storyboard; name = Base; path = Base.lproj/Main.storyboard; sourceTree = "<group>"; };
		22332539186300E900E28630 /* MyViewController.h */ = {isa = PBXFileReference; lastKnownFileType = sourcecode.c.h; path = MyViewController.h; sourceTree = "<group>"; };
		2233253A186300E900E28630 /* MyViewController.m */ = {isa = PBXFileReference; lastKnownFileType = sourcecode.c.objc; path = MyViewController.m; sourceTree = "<group>"; };
		2233253C186300E900E28630 /* Images.xcassets */ = {isa = PBXFileReference; lastKnownFileType = folder.assetcatalog; path = Images.xcassets; sourceTree = "<group>"; };
		22332542186300EA00E28630 /* CustomSegueTests.xctest */ = {isa = PBXFileReference; explicitFileType = wrapper.cfbundle; includeInIndex = 0; path = CustomSegueTests.xctest; sourceTree = BUILT_PRODUCTS_DIR; };
		22332543186300EA00E28630 /* XCTest.framework */ = {isa = PBXFileReference; lastKnownFileType = wrapper.framework; name = XCTest.framework; path = Library/Frameworks/XCTest.framework; sourceTree = DEVELOPER_DIR; };
		2233254B186300EA00E28630 /* CustomSegueTests-Info.plist */ = {isa = PBXFileReference; lastKnownFileType = text.plist.xml; path = "CustomSegueTests-Info.plist"; sourceTree = "<group>"; };
		2233254D186300EA00E28630 /* en */ = {isa = PBXFileReference; lastKnownFileType = text.plist.strings; name = en; path = en.lproj/InfoPlist.strings; sourceTree = "<group>"; };
		2233254F186300EA00E28630 /* CustomSegueTests.m */ = {isa = PBXFileReference; lastKnownFileType = sourcecode.c.objc; path = CustomSegueTests.m; sourceTree = "<group>"; };
		22332559186302E100E28630 /* PopSegue.h */ = {isa = PBXFileReference; fileEncoding = 4; lastKnownFileType = sourcecode.c.h; path = PopSegue.h; sourceTree = "<group>"; };
		2233255A186302E100E28630 /* PopSegue.m */ = {isa = PBXFileReference; fileEncoding = 4; lastKnownFileType = sourcecode.c.objc; path = PopSegue.m; sourceTree = "<group>"; };
/* End PBXFileReference section */

/* Begin PBXFrameworksBuildPhase section */
		2233251E186300E900E28630 /* Frameworks */ = {
			isa = PBXFrameworksBuildPhase;
			buildActionMask = 2147483647;
			files = (
				22332527186300E900E28630 /* CoreGraphics.framework in Frameworks */,
				22332529186300E900E28630 /* UIKit.framework in Frameworks */,
				22332525186300E900E28630 /* Foundation.framework in Frameworks */,
			);
			runOnlyForDeploymentPostprocessing = 0;
		};
		2233253F186300EA00E28630 /* Frameworks */ = {
			isa = PBXFrameworksBuildPhase;
			buildActionMask = 2147483647;
			files = (
				22332544186300EA00E28630 /* XCTest.framework in Frameworks */,
				22332546186300EA00E28630 /* UIKit.framework in Frameworks */,
				22332545186300EA00E28630 /* Foundation.framework in Frameworks */,
			);
			runOnlyForDeploymentPostprocessing = 0;
		};
/* End PBXFrameworksBuildPhase section */

/* Begin PBXGroup section */
		22332518186300E900E28630 = {
			isa = PBXGroup;
			children = (
				2233252A186300E900E28630 /* CustomSegue */,
				22332549186300EA00E28630 /* CustomSegueTests */,
				22332523186300E900E28630 /* Frameworks */,
				22332522186300E900E28630 /* Products */,
			);
			sourceTree = "<group>";
		};
		22332522186300E900E28630 /* Products */ = {
			isa = PBXGroup;
			children = (
				22332521186300E900E28630 /* CustomSegue.app */,
				22332542186300EA00E28630 /* CustomSegueTests.xctest */,
			);
			name = Products;
			sourceTree = "<group>";
		};
		22332523186300E900E28630 /* Frameworks */ = {
			isa = PBXGroup;
			children = (
				22332524186300E900E28630 /* Foundation.framework */,
				22332526186300E900E28630 /* CoreGraphics.framework */,
				22332528186300E900E28630 /* UIKit.framework */,
				22332543186300EA00E28630 /* XCTest.framework */,
			);
			name = Frameworks;
			sourceTree = "<group>";
		};
		2233252A186300E900E28630 /* CustomSegue */ = {
			isa = PBXGroup;
			children = (
				22332533186300E900E28630 /* MyAppDelegate.h */,
				22332534186300E900E28630 /* MyAppDelegate.m */,
				22332536186300E900E28630 /* Main.storyboard */,
				22332539186300E900E28630 /* MyViewController.h */,
				2233253A186300E900E28630 /* MyViewController.m */,
				2233253C186300E900E28630 /* Images.xcassets */,
				2233252B186300E900E28630 /* Supporting Files */,
				22332559186302E100E28630 /* PopSegue.h */,
				2233255A186302E100E28630 /* PopSegue.m */,
			);
			path = CustomSegue;
			sourceTree = "<group>";
		};
		2233252B186300E900E28630 /* Supporting Files */ = {
			isa = PBXGroup;
			children = (
				2233252C186300E900E28630 /* CustomSegue-Info.plist */,
				2233252D186300E900E28630 /* InfoPlist.strings */,
				22332530186300E900E28630 /* main.m */,
				22332532186300E900E28630 /* CustomSegue-Prefix.pch */,
			);
			name = "Supporting Files";
			sourceTree = "<group>";
		};
		22332549186300EA00E28630 /* CustomSegueTests */ = {
			isa = PBXGroup;
			children = (
				2233254F186300EA00E28630 /* CustomSegueTests.m */,
				2233254A186300EA00E28630 /* Supporting Files */,
			);
			path = CustomSegueTests;
			sourceTree = "<group>";
		};
		2233254A186300EA00E28630 /* Supporting Files */ = {
			isa = PBXGroup;
			children = (
				2233254B186300EA00E28630 /* CustomSegueTests-Info.plist */,
				2233254C186300EA00E28630 /* InfoPlist.strings */,
			);
			name = "Supporting Files";
			sourceTree = "<group>";
		};
/* End PBXGroup section */

/* Begin PBXNativeTarget section */
		22332520186300E900E28630 /* CustomSegue */ = {
			isa = PBXNativeTarget;
			buildConfigurationList = 22332553186300EA00E28630 /* Build configuration list for PBXNativeTarget "CustomSegue" */;
			buildPhases = (
				2233251D186300E900E28630 /* Sources */,
				2233251E186300E900E28630 /* Frameworks */,
				2233251F186300E900E28630 /* Resources */,
			);
			buildRules = (
			);
			dependencies = (
			);
			name = CustomSegue;
			productName = CustomSegue;
			productReference = 22332521186300E900E28630 /* CustomSegue.app */;
			productType = "com.apple.product-type.application";
		};
		22332541186300EA00E28630 /* CustomSegueTests */ = {
			isa = PBXNativeTarget;
			buildConfigurationList = 22332556186300EA00E28630 /* Build configuration list for PBXNativeTarget "CustomSegueTests" */;
			buildPhases = (
				2233253E186300EA00E28630 /* Sources */,
				2233253F186300EA00E28630 /* Frameworks */,
				22332540186300EA00E28630 /* Resources */,
			);
			buildRules = (
			);
			dependencies = (
				22332548186300EA00E28630 /* PBXTargetDependency */,
			);
			name = CustomSegueTests;
			productName = CustomSegueTests;
			productReference = 22332542186300EA00E28630 /* CustomSegueTests.xctest */;
			productType = "com.apple.product-type.bundle.unit-test";
		};
/* End PBXNativeTarget section */

/* Begin PBXProject section */
		22332519186300E900E28630 /* Project object */ = {
			isa = PBXProject;
			attributes = {
				CLASSPREFIX = My;
				LastUpgradeCheck = 0500;
				ORGANIZATIONNAME = "mang labs";
				TargetAttributes = {
					22332541186300EA00E28630 = {
						TestTargetID = 22332520186300E900E28630;
					};
				};
			};
			buildConfigurationList = 2233251C186300E900E28630 /* Build configuration list for PBXProject "CustomSegue" */;
			compatibilityVersion = "Xcode 3.2";
			developmentRegion = English;
			hasScannedForEncodings = 0;
			knownRegions = (
				en,
				Base,
			);
			mainGroup = 22332518186300E900E28630;
			productRefGroup = 22332522186300E900E28630 /* Products */;
			projectDirPath = "";
			projectRoot = "";
			targets = (
				22332520186300E900E28630 /* CustomSegue */,
				22332541186300EA00E28630 /* CustomSegueTests */,
			);
		};
/* End PBXProject section */

/* Begin PBXResourcesBuildPhase section */
		2233251F186300E900E28630 /* Resources */ = {
			isa = PBXResourcesBuildPhase;
			buildActionMask = 2147483647;
			files = (
				2233253D186300E900E28630 /* Images.xcassets in Resources */,
				2233252F186300E900E28630 /* InfoPlist.strings in Resources */,
				22332538186300E900E28630 /* Main.storyboard in Resources */,
			);
			runOnlyForDeploymentPostprocessing = 0;
		};
		22332540186300EA00E28630 /* Resources */ = {
			isa = PBXResourcesBuildPhase;
			buildActionMask = 2147483647;
			files = (
				2233254E186300EA00E28630 /* InfoPlist.strings in Resources */,
			);
			runOnlyForDeploymentPostprocessing = 0;
		};
/* End PBXResourcesBuildPhase section */

/* Begin PBXSourcesBuildPhase section */
		2233251D186300E900E28630 /* Sources */ = {
			isa = PBXSourcesBuildPhase;
			buildActionMask = 2147483647;
			files = (
				2233253B186300E900E28630 /* MyViewController.m in Sources */,
				2233255B186302E100E28630 /* PopSegue.m in Sources */,
				22332535186300E900E28630 /* MyAppDelegate.m in Sources */,
				22332531186300E900E28630 /* main.m in Sources */,
			);
			runOnlyForDeploymentPostprocessing = 0;
		};
		2233253E186300EA00E28630 /* Sources */ = {
			isa = PBXSourcesBuildPhase;
			buildActionMask = 2147483647;
			files = (
				22332550186300EA00E28630 /* CustomSegueTests.m in Sources */,
			);
			runOnlyForDeploymentPostprocessing = 0;
		};
/* End PBXSourcesBuildPhase section */

/* Begin PBXTargetDependency section */
		22332548186300EA00E28630 /* PBXTargetDependency */ = {
			isa = PBXTargetDependency;
			target = 22332520186300E900E28630 /* CustomSegue */;
			targetProxy = 22332547186300EA00E28630 /* PBXContainerItemProxy */;
		};
/* End PBXTargetDependency section */

/* Begin PBXVariantGroup section */
		2233252D186300E900E28630 /* InfoPlist.strings */ = {
			isa = PBXVariantGroup;
			children = (
				2233252E186300E900E28630 /* en */,
			);
			name = InfoPlist.strings;
			sourceTree = "<group>";
		};
		22332536186300E900E28630 /* Main.storyboard */ = {
			isa = PBXVariantGroup;
			children = (
				22332537186300E900E28630 /* Base */,
			);
			name = Main.storyboard;
			sourceTree = "<group>";
		};
		2233254C186300EA00E28630 /* InfoPlist.strings */ = {
			isa = PBXVariantGroup;
			children = (
				2233254D186300EA00E28630 /* en */,
			);
			name = InfoPlist.strings;
			sourceTree = "<group>";
		};
/* End PBXVariantGroup section */

/* Begin XCBuildConfiguration section */
		22332551186300EA00E28630 /* Debug */ = {
			isa = XCBuildConfiguration;
			buildSettings = {
				ALWAYS_SEARCH_USER_PATHS = NO;
				ARCHS = "$(ARCHS_STANDARD_INCLUDING_64_BIT)";
				CLANG_CXX_LANGUAGE_STANDARD = "gnu++0x";
				CLANG_CXX_LIBRARY = "libc++";
				CLANG_ENABLE_MODULES = YES;
				CLANG_ENABLE_OBJC_ARC = YES;
				CLANG_WARN_BOOL_CONVERSION = YES;
				CLANG_WARN_CONSTANT_CONVERSION = YES;
				CLANG_WARN_DIRECT_OBJC_ISA_USAGE = YES_ERROR;
				CLANG_WARN_EMPTY_BODY = YES;
				CLANG_WARN_ENUM_CONVERSION = YES;
				CLANG_WARN_INT_CONVERSION = YES;
				CLANG_WARN_OBJC_ROOT_CLASS = YES_ERROR;
				CLANG_WARN__DUPLICATE_METHOD_MATCH = YES;
				"CODE_SIGN_IDENTITY[sdk=iphoneos*]" = "iPhone Developer";
				COPY_PHASE_STRIP = NO;
				GCC_C_LANGUAGE_STANDARD = gnu99;
				GCC_DYNAMIC_NO_PIC = NO;
				GCC_OPTIMIZATION_LEVEL = 0;
				GCC_PREPROCESSOR_DEFINITIONS = (
					"DEBUG=1",
					"$(inherited)",
				);
				GCC_SYMBOLS_PRIVATE_EXTERN = NO;
				GCC_WARN_64_TO_32_BIT_CONVERSION = YES;
				GCC_WARN_ABOUT_RETURN_TYPE = YES_ERROR;
				GCC_WARN_UNDECLARED_SELECTOR = YES;
				GCC_WARN_UNINITIALIZED_AUTOS = YES;
				GCC_WARN_UNUSED_FUNCTION = YES;
				GCC_WARN_UNUSED_VARIABLE = YES;
				IPHONEOS_DEPLOYMENT_TARGET = 7.0;
				ONLY_ACTIVE_ARCH = YES;
				SDKROOT = iphoneos;
			};
			name = Debug;
		};
		22332552186300EA00E28630 /* Release */ = {
			isa = XCBuildConfiguration;
			buildSettings = {
				ALWAYS_SEARCH_USER_PATHS = NO;
				ARCHS = "$(ARCHS_STANDARD_INCLUDING_64_BIT)";
				CLANG_CXX_LANGUAGE_STANDARD = "gnu++0x";
				CLANG_CXX_LIBRARY = "libc++";
				CLANG_ENABLE_MODULES = YES;
				CLANG_ENABLE_OBJC_ARC = YES;
				CLANG_WARN_BOOL_CONVERSION = YES;
				CLANG_WARN_CONSTANT_CONVERSION = YES;
				CLANG_WARN_DIRECT_OBJC_ISA_USAGE = YES_ERROR;
				CLANG_WARN_EMPTY_BODY = YES;
				CLANG_WARN_ENUM_CONVERSION = YES;
				CLANG_WARN_INT_CONVERSION = YES;
				CLANG_WARN_OBJC_ROOT_CLASS = YES_ERROR;
				CLANG_WARN__DUPLICATE_METHOD_MATCH = YES;
				"CODE_SIGN_IDENTITY[sdk=iphoneos*]" = "iPhone Developer";
				COPY_PHASE_STRIP = YES;
				ENABLE_NS_ASSERTIONS = NO;
				GCC_C_LANGUAGE_STANDARD = gnu99;
				GCC_WARN_64_TO_32_BIT_CONVERSION = YES;
				GCC_WARN_ABOUT_RETURN_TYPE = YES_ERROR;
				GCC_WARN_UNDECLARED_SELECTOR = YES;
				GCC_WARN_UNINITIALIZED_AUTOS = YES;
				GCC_WARN_UNUSED_FUNCTION = YES;
				GCC_WARN_UNUSED_VARIABLE = YES;
				IPHONEOS_DEPLOYMENT_TARGET = 7.0;
				SDKROOT = iphoneos;
				VALIDATE_PRODUCT = YES;
			};
			name = Release;
		};
		22332554186300EA00E28630 /* Debug */ = {
			isa = XCBuildConfiguration;
			buildSettings = {
				ASSETCATALOG_COMPILER_APPICON_NAME = AppIcon;
				ASSETCATALOG_COMPILER_LAUNCHIMAGE_NAME = LaunchImage;
				GCC_PRECOMPILE_PREFIX_HEADER = YES;
				GCC_PREFIX_HEADER = "CustomSegue/CustomSegue-Prefix.pch";
				INFOPLIST_FILE = "CustomSegue/CustomSegue-Info.plist";
				PRODUCT_NAME = "$(TARGET_NAME)";
				WRAPPER_EXTENSION = app;
			};
			name = Debug;
		};
		22332555186300EA00E28630 /* Release */ = {
			isa = XCBuildConfiguration;
			buildSettings = {
				ASSETCATALOG_COMPILER_APPICON_NAME = AppIcon;
				ASSETCATALOG_COMPILER_LAUNCHIMAGE_NAME = LaunchImage;
				GCC_PRECOMPILE_PREFIX_HEADER = YES;
				GCC_PREFIX_HEADER = "CustomSegue/CustomSegue-Prefix.pch";
				INFOPLIST_FILE = "CustomSegue/CustomSegue-Info.plist";
				PRODUCT_NAME = "$(TARGET_NAME)";
				WRAPPER_EXTENSION = app;
			};
			name = Release;
		};
		22332557186300EA00E28630 /* Debug */ = {
			isa = XCBuildConfiguration;
			buildSettings = {
				ARCHS = "$(ARCHS_STANDARD_INCLUDING_64_BIT)";
				BUNDLE_LOADER = "$(BUILT_PRODUCTS_DIR)/CustomSegue.app/CustomSegue";
				FRAMEWORK_SEARCH_PATHS = (
					"$(SDKROOT)/Developer/Library/Frameworks",
					"$(inherited)",
					"$(DEVELOPER_FRAMEWORKS_DIR)",
				);
				GCC_PRECOMPILE_PREFIX_HEADER = YES;
				GCC_PREFIX_HEADER = "CustomSegue/CustomSegue-Prefix.pch";
				GCC_PREPROCESSOR_DEFINITIONS = (
					"DEBUG=1",
					"$(inherited)",
				);
				INFOPLIST_FILE = "CustomSegueTests/CustomSegueTests-Info.plist";
				PRODUCT_NAME = "$(TARGET_NAME)";
				TEST_HOST = "$(BUNDLE_LOADER)";
				WRAPPER_EXTENSION = xctest;
			};
			name = Debug;
		};
		22332558186300EA00E28630 /* Release */ = {
			isa = XCBuildConfiguration;
			buildSettings = {
				ARCHS = "$(ARCHS_STANDARD_INCLUDING_64_BIT)";
				BUNDLE_LOADER = "$(BUILT_PRODUCTS_DIR)/CustomSegue.app/CustomSegue";
				FRAMEWORK_SEARCH_PATHS = (
					"$(SDKROOT)/Developer/Library/Frameworks",
					"$(inherited)",
					"$(DEVELOPER_FRAMEWORKS_DIR)",
				);
				GCC_PRECOMPILE_PREFIX_HEADER = YES;
				GCC_PREFIX_HEADER = "CustomSegue/CustomSegue-Prefix.pch";
				INFOPLIST_FILE = "CustomSegueTests/CustomSegueTests-Info.plist";
				PRODUCT_NAME = "$(TARGET_NAME)";
				TEST_HOST = "$(BUNDLE_LOADER)";
				WRAPPER_EXTENSION = xctest;
			};
			name = Release;
		};
/* End XCBuildConfiguration section */

/* Begin XCConfigurationList section */
		2233251C186300E900E28630 /* Build configuration list for PBXProject "CustomSegue" */ = {
			isa = XCConfigurationList;
			buildConfigurations = (
				22332551186300EA00E28630 /* Debug */,
				22332552186300EA00E28630 /* Release */,
			);
			defaultConfigurationIsVisible = 0;
			defaultConfigurationName = Release;
		};
		22332553186300EA00E28630 /* Build configuration list for PBXNativeTarget "CustomSegue" */ = {
			isa = XCConfigurationList;
			buildConfigurations = (
				22332554186300EA00E28630 /* Debug */,
				22332555186300EA00E28630 /* Release */,
			);
			defaultConfigurationIsVisible = 0;
		};
		22332556186300EA00E28630 /* Build configuration list for PBXNativeTarget "CustomSegueTests" */ = {
			isa = XCConfigurationList;
			buildConfigurations = (
				22332557186300EA00E28630 /* Debug */,
				22332558186300EA00E28630 /* Release */,
			);
			defaultConfigurationIsVisible = 0;
		};
/* End XCConfigurationList section */
	};
	rootObject = 22332519186300E900E28630 /* Project object */;
}
